// !$*UTF8*$!
{
	archiveVersion = 1;
	classes = {
	};
	objectVersion = 77;
	objects = {

/* Begin PBXContainerItemProxy section */
		68B5DCB72D5C740C00E96FDC /* PBXContainerItemProxy */ = {
			isa = PBXContainerItemProxy;
			containerPortal = 68B5DC982D5C740B00E96FDC /* Project object */;
			proxyType = 1;
			remoteGlobalIDString = 68B5DC9F2D5C740B00E96FDC;
			remoteInfo = "Design Pattern";
		};
		68B5DCC12D5C740C00E96FDC /* PBXContainerItemProxy */ = {
			isa = PBXContainerItemProxy;
			containerPortal = 68B5DC982D5C740B00E96FDC /* Project object */;
			proxyType = 1;
			remoteGlobalIDString = 68B5DC9F2D5C740B00E96FDC;
			remoteInfo = "Design Pattern";
		};
/* End PBXContainerItemProxy section */

/* Begin PBXFileReference section */
		68B5DCA02D5C740B00E96FDC /* Design Pattern.app */ = {isa = PBXFileReference; explicitFileType = wrapper.application; includeInIndex = 0; path = "Design Pattern.app"; sourceTree = BUILT_PRODUCTS_DIR; };
		68B5DCB62D5C740C00E96FDC /* Design PatternTests.xctest */ = {isa = PBXFileReference; explicitFileType = wrapper.cfbundle; includeInIndex = 0; path = "Design PatternTests.xctest"; sourceTree = BUILT_PRODUCTS_DIR; };
		68B5DCC02D5C740C00E96FDC /* Design PatternUITests.xctest */ = {isa = PBXFileReference; explicitFileType = wrapper.cfbundle; includeInIndex = 0; path = "Design PatternUITests.xctest"; sourceTree = BUILT_PRODUCTS_DIR; };
/* End PBXFileReference section */

/* Begin PBXFileSystemSynchronizedBuildFileExceptionSet section */
		68B5DCC82D5C740C00E96FDC /* Exceptions for "Design Pattern" folder in "Design Pattern" target */ = {
			isa = PBXFileSystemSynchronizedBuildFileExceptionSet;
			membershipExceptions = (
				Info.plist,
			);
			target = 68B5DC9F2D5C740B00E96FDC /* Design Pattern */;
		};
/* End PBXFileSystemSynchronizedBuildFileExceptionSet section */

/* Begin PBXFileSystemSynchronizedRootGroup section */
		68B5DCA22D5C740B00E96FDC /* Design Pattern */ = {
			isa = PBXFileSystemSynchronizedRootGroup;
			exceptions = (
				68B5DCC82D5C740C00E96FDC /* Exceptions for "Design Pattern" folder in "Design Pattern" target */,
			);
			path = "Design Pattern";
			sourceTree = "<group>";
		};
		68B5DCB92D5C740C00E96FDC /* Design PatternTests */ = {
			isa = PBXFileSystemSynchronizedRootGroup;
			path = "Design PatternTests";
			sourceTree = "<group>";
		};
		68B5DCC32D5C740C00E96FDC /* Design PatternUITests */ = {
			isa = PBXFileSystemSynchronizedRootGroup;
			path = "Design PatternUITests";
			sourceTree = "<group>";
		};
/* End PBXFileSystemSynchronizedRootGroup section */

/* Begin PBXFrameworksBuildPhase section */
		68B5DC9D2D5C740B00E96FDC /* Frameworks */ = {
			isa = PBXFrameworksBuildPhase;
			buildActionMask = 2147483647;
			files = (
			);
			runOnlyForDeploymentPostprocessing = 0;
		};
		68B5DCB32D5C740C00E96FDC /* Frameworks */ = {
			isa = PBXFrameworksBuildPhase;
			buildActionMask = 2147483647;
			files = (
			);
			runOnlyForDeploymentPostprocessing = 0;
		};
		68B5DCBD2D5C740C00E96FDC /* Frameworks */ = {
			isa = PBXFrameworksBuildPhase;
			buildActionMask = 2147483647;
			files = (
			);
			runOnlyForDeploymentPostprocessing = 0;
		};
/* End PBXFrameworksBuildPhase section */

/* Begin PBXGroup section */
		68B5DC972D5C740B00E96FDC = {
			isa = PBXGroup;
			children = (
				68B5DCA22D5C740B00E96FDC /* Design Pattern */,
				68B5DCB92D5C740C00E96FDC /* Design PatternTests */,
				68B5DCC32D5C740C00E96FDC /* Design PatternUITests */,
				68B5DCA12D5C740B00E96FDC /* Products */,
			);
			sourceTree = "<group>";
		};
		68B5DCA12D5C740B00E96FDC /* Products */ = {
			isa = PBXGroup;
			children = (
				68B5DCA02D5C740B00E96FDC /* Design Pattern.app */,
				68B5DCB62D5C740C00E96FDC /* Design PatternTests.xctest */,
				68B5DCC02D5C740C00E96FDC /* Design PatternUITests.xctest */,
			);
			name = Products;
			sourceTree = "<group>";
		};
/* End PBXGroup section */

/* Begin PBXNativeTarget section */
		68B5DC9F2D5C740B00E96FDC /* Design Pattern */ = {
			isa = PBXNativeTarget;
			buildConfigurationList = 68B5DCC92D5C740C00E96FDC /* Build configuration list for PBXNativeTarget "Design Pattern" */;
			buildPhases = (
				68B5DC9C2D5C740B00E96FDC /* Sources */,
				68B5DC9D2D5C740B00E96FDC /* Frameworks */,
				68B5DC9E2D5C740B00E96FDC /* Resources */,
			);
			buildRules = (
			);
			dependencies = (
			);
			fileSystemSynchronizedGroups = (
				68B5DCA22D5C740B00E96FDC /* Design Pattern */,
			);
			name = "Design Pattern";
			packageProductDependencies = (
			);
			productName = "Design Pattern";
			productReference = 68B5DCA02D5C740B00E96FDC /* Design Pattern.app */;
			productType = "com.apple.product-type.application";
		};
		68B5DCB52D5C740C00E96FDC /* Design PatternTests */ = {
			isa = PBXNativeTarget;
			buildConfigurationList = 68B5DCCE2D5C740C00E96FDC /* Build configuration list for PBXNativeTarget "Design PatternTests" */;
			buildPhases = (
				68B5DCB22D5C740C00E96FDC /* Sources */,
				68B5DCB32D5C740C00E96FDC /* Frameworks */,
				68B5DCB42D5C740C00E96FDC /* Resources */,
			);
			buildRules = (
			);
			dependencies = (
				68B5DCB82D5C740C00E96FDC /* PBXTargetDependency */,
			);
			fileSystemSynchronizedGroups = (
				68B5DCB92D5C740C00E96FDC /* Design PatternTests */,
			);
			name = "Design PatternTests";
			packageProductDependencies = (
			);
			productName = "Design PatternTests";
			productReference = 68B5DCB62D5C740C00E96FDC /* Design PatternTests.xctest */;
			productType = "com.apple.product-type.bundle.unit-test";
		};
		68B5DCBF2D5C740C00E96FDC /* Design PatternUITests */ = {
			isa = PBXNativeTarget;
			buildConfigurationList = 68B5DCD12D5C740C00E96FDC /* Build configuration list for PBXNativeTarget "Design PatternUITests" */;
			buildPhases = (
				68B5DCBC2D5C740C00E96FDC /* Sources */,
				68B5DCBD2D5C740C00E96FDC /* Frameworks */,
				68B5DCBE2D5C740C00E96FDC /* Resources */,
			);
			buildRules = (
			);
			dependencies = (
				68B5DCC22D5C740C00E96FDC /* PBXTargetDependency */,
			);
			fileSystemSynchronizedGroups = (
				68B5DCC32D5C740C00E96FDC /* Design PatternUITests */,
			);
			name = "Design PatternUITests";
			packageProductDependencies = (
			);
			productName = "Design PatternUITests";
			productReference = 68B5DCC02D5C740C00E96FDC /* Design PatternUITests.xctest */;
			productType = "com.apple.product-type.bundle.ui-testing";
		};
/* End PBXNativeTarget section */

/* Begin PBXProject section */
		68B5DC982D5C740B00E96FDC /* Project object */ = {
			isa = PBXProject;
			attributes = {
				BuildIndependentTargetsInParallel = 1;
				LastSwiftUpdateCheck = 1600;
				LastUpgradeCheck = 1600;
				TargetAttributes = {
					68B5DC9F2D5C740B00E96FDC = {
						CreatedOnToolsVersion = 16.0;
					};
					68B5DCB52D5C740C00E96FDC = {
						CreatedOnToolsVersion = 16.0;
						TestTargetID = 68B5DC9F2D5C740B00E96FDC;
					};
					68B5DCBF2D5C740C00E96FDC = {
						CreatedOnToolsVersion = 16.0;
						TestTargetID = 68B5DC9F2D5C740B00E96FDC;
					};
				};
			};
			buildConfigurationList = 68B5DC9B2D5C740B00E96FDC /* Build configuration list for PBXProject "Design Pattern" */;
			developmentRegion = en;
			hasScannedForEncodings = 0;
			knownRegions = (
				en,
				Base,
			);
			mainGroup = 68B5DC972D5C740B00E96FDC;
			minimizedProjectReferenceProxies = 1;
			preferredProjectObjectVersion = 77;
			productRefGroup = 68B5DCA12D5C740B00E96FDC /* Products */;
			projectDirPath = "";
			projectRoot = "";
			targets = (
				68B5DC9F2D5C740B00E96FDC /* Design Pattern */,
				68B5DCB52D5C740C00E96FDC /* Design PatternTests */,
				68B5DCBF2D5C740C00E96FDC /* Design PatternUITests */,
			);
		};
/* End PBXProject section */

/* Begin PBXResourcesBuildPhase section */
		68B5DC9E2D5C740B00E96FDC /* Resources */ = {
			isa = PBXResourcesBuildPhase;
			buildActionMask = 2147483647;
			files = (
			);
			runOnlyForDeploymentPostprocessing = 0;
		};
		68B5DCB42D5C740C00E96FDC /* Resources */ = {
			isa = PBXResourcesBuildPhase;
			buildActionMask = 2147483647;
			files = (
			);
			runOnlyForDeploymentPostprocessing = 0;
		};
		68B5DCBE2D5C740C00E96FDC /* Resources */ = {
			isa = PBXResourcesBuildPhase;
			buildActionMask = 2147483647;
			files = (
			);
			runOnlyForDeploymentPostprocessing = 0;
		};
/* End PBXResourcesBuildPhase section */

/* Begin PBXSourcesBuildPhase section */
		68B5DC9C2D5C740B00E96FDC /* Sources */ = {
			isa = PBXSourcesBuildPhase;
			buildActionMask = 2147483647;
			files = (
			);
			runOnlyForDeploymentPostprocessing = 0;
		};
		68B5DCB22D5C740C00E96FDC /* Sources */ = {
			isa = PBXSourcesBuildPhase;
			buildActionMask = 2147483647;
			files = (
			);
			runOnlyForDeploymentPostprocessing = 0;
		};
		68B5DCBC2D5C740C00E96FDC /* Sources */ = {
			isa = PBXSourcesBuildPhase;
			buildActionMask = 2147483647;
			files = (
			);
			runOnlyForDeploymentPostprocessing = 0;
		};
/* End PBXSourcesBuildPhase section */

/* Begin PBXTargetDependency section */
		68B5DCB82D5C740C00E96FDC /* PBXTargetDependency */ = {
			isa = PBXTargetDependency;
			target = 68B5DC9F2D5C740B00E96FDC /* Design Pattern */;
			targetProxy = 68B5DCB72D5C740C00E96FDC /* PBXContainerItemProxy */;
		};
		68B5DCC22D5C740C00E96FDC /* PBXTargetDependency */ = {
			isa = PBXTargetDependency;
			target = 68B5DC9F2D5C740B00E96FDC /* Design Pattern */;
			targetProxy = 68B5DCC12D5C740C00E96FDC /* PBXContainerItemProxy */;
		};
/* End PBXTargetDependency section */

/* Begin XCBuildConfiguration section */
		68B5DCCA2D5C740C00E96FDC /* Debug */ = {
			isa = XCBuildConfiguration;
			buildSettings = {
				ASSETCATALOG_COMPILER_APPICON_NAME = AppIcon;
				ASSETCATALOG_COMPILER_GLOBAL_ACCENT_COLOR_NAME = AccentColor;
				CODE_SIGN_STYLE = Automatic;
				CURRENT_PROJECT_VERSION = 1;
				GENERATE_INFOPLIST_FILE = YES;
				INFOPLIST_FILE = "Design Pattern/Info.plist";
				INFOPLIST_KEY_UIApplicationSupportsIndirectInputEvents = YES;
				INFOPLIST_KEY_UILaunchStoryboardName = LaunchScreen;
				INFOPLIST_KEY_UIMainStoryboardFile = Main;
				INFOPLIST_KEY_UISupportedInterfaceOrientations_iPad = "UIInterfaceOrientationPortrait UIInterfaceOrientationPortraitUpsideDown UIInterfaceOrientationLandscapeLeft UIInterfaceOrientationLandscapeRight";
				INFOPLIST_KEY_UISupportedInterfaceOrientations_iPhone = "UIInterfaceOrientationPortrait UIInterfaceOrientationLandscapeLeft UIInterfaceOrientationLandscapeRight";
				LD_RUNPATH_SEARCH_PATHS = (
					"$(inherited)",
					"@executable_path/Frameworks",
				);
				MARKETING_VERSION = 1.0;
				PRODUCT_BUNDLE_IDENTIFIER = "com.app.converter.Design-Pattern";
				PRODUCT_NAME = "$(TARGET_NAME)";
				SWIFT_EMIT_LOC_STRINGS = YES;
				SWIFT_VERSION = 5.0;
				TARGETED_DEVICE_FAMILY = "1,2";
			};
			name = Debug;
		};
		68B5DCCB2D5C740C00E96FDC /* Release */ = {
			isa = XCBuildConfiguration;
			buildSettings = {
				ASSETCATALOG_COMPILER_APPICON_NAME = AppIcon;
				ASSETCATALOG_COMPILER_GLOBAL_ACCENT_COLOR_NAME = AccentColor;
				CODE_SIGN_STYLE = Automatic;
				CURRENT_PROJECT_VERSION = 1;
				GENERATE_INFOPLIST_FILE = YES;
				INFOPLIST_FILE = "Design Pattern/Info.plist";
				INFOPLIST_KEY_UIApplicationSupportsIndirectInputEvents = YES;
				INFOPLIST_KEY_UILaunchStoryboardName = LaunchScreen;
				INFOPLIST_KEY_UIMainStoryboardFile = Main;
				INFOPLIST_KEY_UISupportedInterfaceOrientations_iPad = "UIInterfaceOrientationPortrait UIInterfaceOrientationPortraitUpsideDown UIInterfaceOrientationLandscapeLeft UIInterfaceOrientationLandscapeRight";
				INFOPLIST_KEY_UISupportedInterfaceOrientations_iPhone = "UIInterfaceOrientationPortrait UIInterfaceOrientationLandscapeLeft UIInterfaceOrientationLandscapeRight";
				LD_RUNPATH_SEARCH_PATHS = (
					"$(inherited)",
					"@executable_path/Frameworks",
				);
				MARKETING_VERSION = 1.0;
				PRODUCT_BUNDLE_IDENTIFIER = "com.app.converter.Design-Pattern";
				PRODUCT_NAME = "$(TARGET_NAME)";
				SWIFT_EMIT_LOC_STRINGS = YES;
				SWIFT_VERSION = 5.0;
				TARGETED_DEVICE_FAMILY = "1,2";
			};
			name = Release;
		};
		68B5DCCC2D5C740C00E96FDC /* Debug */ = {
			isa = XCBuildConfiguration;
			buildSettings = {
				ALWAYS_SEARCH_USER_PATHS = NO;
				ASSETCATALOG_COMPILER_GENERATE_SWIFT_ASSET_SYMBOL_EXTENSIONS = YES;
				CLANG_ANALYZER_NONNULL = YES;
				CLANG_ANALYZER_NUMBER_OBJECT_CONVERSION = YES_AGGRESSIVE;
				CLANG_CXX_LANGUAGE_STANDARD = "gnu++20";
				CLANG_ENABLE_MODULES = YES;
				CLANG_ENABLE_OBJC_ARC = YES;
				CLANG_ENABLE_OBJC_WEAK = YES;
				CLANG_WARN_BLOCK_CAPTURE_AUTORELEASING = YES;
				CLANG_WARN_BOOL_CONVERSION = YES;
				CLANG_WARN_COMMA = YES;
				CLANG_WARN_CONSTANT_CONVERSION = YES;
				CLANG_WARN_DEPRECATED_OBJC_IMPLEMENTATIONS = YES;
				CLANG_WARN_DIRECT_OBJC_ISA_USAGE = YES_ERROR;
				CLANG_WARN_DOCUMENTATION_COMMENTS = YES;
				CLANG_WARN_EMPTY_BODY = YES;
				CLANG_WARN_ENUM_CONVERSION = YES;
				CLANG_WARN_INFINITE_RECURSION = YES;
				CLANG_WARN_INT_CONVERSION = YES;
				CLANG_WARN_NON_LITERAL_NULL_CONVERSION = YES;
				CLANG_WARN_OBJC_IMPLICIT_RETAIN_SELF = YES;
				CLANG_WARN_OBJC_LITERAL_CONVERSION = YES;
				CLANG_WARN_OBJC_ROOT_CLASS = YES_ERROR;
				CLANG_WARN_QUOTED_INCLUDE_IN_FRAMEWORK_HEADER = YES;
				CLANG_WARN_RANGE_LOOP_ANALYSIS = YES;
				CLANG_WARN_STRICT_PROTOTYPES = YES;
				CLANG_WARN_SUSPICIOUS_MOVE = YES;
				CLANG_WARN_UNGUARDED_AVAILABILITY = YES_AGGRESSIVE;
				CLANG_WARN_UNREACHABLE_CODE = YES;
				CLANG_WARN__DUPLICATE_METHOD_MATCH = YES;
				COPY_PHASE_STRIP = NO;
				DEBUG_INFORMATION_FORMAT = dwarf;
				ENABLE_STRICT_OBJC_MSGSEND = YES;
				ENABLE_TESTABILITY = YES;
				ENABLE_USER_SCRIPT_SANDBOXING = YES;
				GCC_C_LANGUAGE_STANDARD = gnu17;
				GCC_DYNAMIC_NO_PIC = NO;
				GCC_NO_COMMON_BLOCKS = YES;
				GCC_OPTIMIZATION_LEVEL = 0;
				GCC_PREPROCESSOR_DEFINITIONS = (
					"DEBUG=1",
					"$(inherited)",
				);
				GCC_WARN_64_TO_32_BIT_CONVERSION = YES;
				GCC_WARN_ABOUT_RETURN_TYPE = YES_ERROR;
				GCC_WARN_UNDECLARED_SELECTOR = YES;
				GCC_WARN_UNINITIALIZED_AUTOS = YES_AGGRESSIVE;
				GCC_WARN_UNUSED_FUNCTION = YES;
				GCC_WARN_UNUSED_VARIABLE = YES;
				IPHONEOS_DEPLOYMENT_TARGET = 18.0;
				LOCALIZATION_PREFERS_STRING_CATALOGS = YES;
				MTL_ENABLE_DEBUG_INFO = INCLUDE_SOURCE;
				MTL_FAST_MATH = YES;
				ONLY_ACTIVE_ARCH = YES;
				SDKROOT = iphoneos;
				SWIFT_ACTIVE_COMPILATION_CONDITIONS = "DEBUG $(inherited)";
				SWIFT_OPTIMIZATION_LEVEL = "-Onone";
			};
			name = Debug;
		};
		68B5DCCD2D5C740C00E96FDC /* Release */ = {
			isa = XCBuildConfiguration;
			buildSettings = {
				ALWAYS_SEARCH_USER_PATHS = NO;
				ASSETCATALOG_COMPILER_GENERATE_SWIFT_ASSET_SYMBOL_EXTENSIONS = YES;
				CLANG_ANALYZER_NONNULL = YES;
				CLANG_ANALYZER_NUMBER_OBJECT_CONVERSION = YES_AGGRESSIVE;
				CLANG_CXX_LANGUAGE_STANDARD = "gnu++20";
				CLANG_ENABLE_MODULES = YES;
				CLANG_ENABLE_OBJC_ARC = YES;
				CLANG_ENABLE_OBJC_WEAK = YES;
				CLANG_WARN_BLOCK_CAPTURE_AUTORELEASING = YES;
				CLANG_WARN_BOOL_CONVERSION = YES;
				CLANG_WARN_COMMA = YES;
				CLANG_WARN_CONSTANT_CONVERSION = YES;
				CLANG_WARN_DEPRECATED_OBJC_IMPLEMENTATIONS = YES;
				CLANG_WARN_DIRECT_OBJC_ISA_USAGE = YES_ERROR;
				CLANG_WARN_DOCUMENTATION_COMMENTS = YES;
				CLANG_WARN_EMPTY_BODY = YES;
				CLANG_WARN_ENUM_CONVERSION = YES;
				CLANG_WARN_INFINITE_RECURSION = YES;
				CLANG_WARN_INT_CONVERSION = YES;
				CLANG_WARN_NON_LITERAL_NULL_CONVERSION = YES;
				CLANG_WARN_OBJC_IMPLICIT_RETAIN_SELF = YES;
				CLANG_WARN_OBJC_LITERAL_CONVERSION = YES;
				CLANG_WARN_OBJC_ROOT_CLASS = YES_ERROR;
				CLANG_WARN_QUOTED_INCLUDE_IN_FRAMEWORK_HEADER = YES;
				CLANG_WARN_RANGE_LOOP_ANALYSIS = YES;
				CLANG_WARN_STRICT_PROTOTYPES = YES;
				CLANG_WARN_SUSPICIOUS_MOVE = YES;
				CLANG_WARN_UNGUARDED_AVAILABILITY = YES_AGGRESSIVE;
				CLANG_WARN_UNREACHABLE_CODE = YES;
				CLANG_WARN__DUPLICATE_METHOD_MATCH = YES;
				COPY_PHASE_STRIP = NO;
				DEBUG_INFORMATION_FORMAT = "dwarf-with-dsym";
				ENABLE_NS_ASSERTIONS = NO;
				ENABLE_STRICT_OBJC_MSGSEND = YES;
				ENABLE_USER_SCRIPT_SANDBOXING = YES;
				GCC_C_LANGUAGE_STANDARD = gnu17;
				GCC_NO_COMMON_BLOCKS = YES;
				GCC_WARN_64_TO_32_BIT_CONVERSION = YES;
				GCC_WARN_ABOUT_RETURN_TYPE = YES_ERROR;
				GCC_WARN_UNDECLARED_SELECTOR = YES;
				GCC_WARN_UNINITIALIZED_AUTOS = YES_AGGRESSIVE;
				GCC_WARN_UNUSED_FUNCTION = YES;
				GCC_WARN_UNUSED_VARIABLE = YES;
				IPHONEOS_DEPLOYMENT_TARGET = 18.0;
				LOCALIZATION_PREFERS_STRING_CATALOGS = YES;
				MTL_ENABLE_DEBUG_INFO = NO;
				MTL_FAST_MATH = YES;
				SDKROOT = iphoneos;
				SWIFT_COMPILATION_MODE = wholemodule;
				VALIDATE_PRODUCT = YES;
			};
			name = Release;
		};
		68B5DCCF2D5C740C00E96FDC /* Debug */ = {
			isa = XCBuildConfiguration;
			buildSettings = {
				BUNDLE_LOADER = "$(TEST_HOST)";
				CODE_SIGN_STYLE = Automatic;
				CURRENT_PROJECT_VERSION = 1;
				GENERATE_INFOPLIST_FILE = YES;
				IPHONEOS_DEPLOYMENT_TARGET = 18.0;
				MARKETING_VERSION = 1.0;
				PRODUCT_BUNDLE_IDENTIFIER = "com.app.converter.Design-PatternTests";
				PRODUCT_NAME = "$(TARGET_NAME)";
				SWIFT_EMIT_LOC_STRINGS = NO;
				SWIFT_VERSION = 5.0;
				TARGETED_DEVICE_FAMILY = "1,2";
				TEST_HOST = "$(BUILT_PRODUCTS_DIR)/Design Pattern.app/$(BUNDLE_EXECUTABLE_FOLDER_PATH)/Design Pattern";
			};
			name = Debug;
		};
		68B5DCD02D5C740C00E96FDC /* Release */ = {
			isa = XCBuildConfiguration;
			buildSettings = {
				BUNDLE_LOADER = "$(TEST_HOST)";
				CODE_SIGN_STYLE = Automatic;
				CURRENT_PROJECT_VERSION = 1;
				GENERATE_INFOPLIST_FILE = YES;
				IPHONEOS_DEPLOYMENT_TARGET = 18.0;
				MARKETING_VERSION = 1.0;
				PRODUCT_BUNDLE_IDENTIFIER = "com.app.converter.Design-PatternTests";
				PRODUCT_NAME = "$(TARGET_NAME)";
				SWIFT_EMIT_LOC_STRINGS = NO;
				SWIFT_VERSION = 5.0;
				TARGETED_DEVICE_FAMILY = "1,2";
				TEST_HOST = "$(BUILT_PRODUCTS_DIR)/Design Pattern.app/$(BUNDLE_EXECUTABLE_FOLDER_PATH)/Design Pattern";
			};
			name = Release;
		};
		68B5DCD22D5C740C00E96FDC /* Debug */ = {
			isa = XCBuildConfiguration;
			buildSettings = {
				CODE_SIGN_STYLE = Automatic;
				CURRENT_PROJECT_VERSION = 1;
				GENERATE_INFOPLIST_FILE = YES;
				MARKETING_VERSION = 1.0;
				PRODUCT_BUNDLE_IDENTIFIER = "com.app.converter.Design-PatternUITests";
				PRODUCT_NAME = "$(TARGET_NAME)";
				SWIFT_EMIT_LOC_STRINGS = NO;
				SWIFT_VERSION = 5.0;
				TARGETED_DEVICE_FAMILY = "1,2";
				TEST_TARGET_NAME = "Design Pattern";
			};
			name = Debug;
		};
		68B5DCD32D5C740C00E96FDC /* Release */ = {
			isa = XCBuildConfiguration;
			buildSettings = {
				CODE_SIGN_STYLE = Automatic;
				CURRENT_PROJECT_VERSION = 1;
				GENERATE_INFOPLIST_FILE = YES;
				MARKETING_VERSION = 1.0;
				PRODUCT_BUNDLE_IDENTIFIER = "com.app.converter.Design-PatternUITests";
				PRODUCT_NAME = "$(TARGET_NAME)";
				SWIFT_EMIT_LOC_STRINGS = NO;
				SWIFT_VERSION = 5.0;
				TARGETED_DEVICE_FAMILY = "1,2";
				TEST_TARGET_NAME = "Design Pattern";
			};
			name = Release;
		};
/* End XCBuildConfiguration section */

/* Begin XCConfigurationList section */
		68B5DC9B2D5C740B00E96FDC /* Build configuration list for PBXProject "Design Pattern" */ = {
			isa = XCConfigurationList;
			buildConfigurations = (
				68B5DCCC2D5C740C00E96FDC /* Debug */,
				68B5DCCD2D5C740C00E96FDC /* Release */,
			);
			defaultConfigurationIsVisible = 0;
			defaultConfigurationName = Release;
		};
		68B5DCC92D5C740C00E96FDC /* Build configuration list for PBXNativeTarget "Design Pattern" */ = {
			isa = XCConfigurationList;
			buildConfigurations = (
				68B5DCCA2D5C740C00E96FDC /* Debug */,
				68B5DCCB2D5C740C00E96FDC /* Release */,
			);
			defaultConfigurationIsVisible = 0;
			defaultConfigurationName = Release;
		};
		68B5DCCE2D5C740C00E96FDC /* Build configuration list for PBXNativeTarget "Design PatternTests" */ = {
			isa = XCConfigurationList;
			buildConfigurations = (
				68B5DCCF2D5C740C00E96FDC /* Debug */,
				68B5DCD02D5C740C00E96FDC /* Release */,
			);
			defaultConfigurationIsVisible = 0;
			defaultConfigurationName = Release;
		};
		68B5DCD12D5C740C00E96FDC /* Build configuration list for PBXNativeTarget "Design PatternUITests" */ = {
			isa = XCConfigurationList;
			buildConfigurations = (
				68B5DCD22D5C740C00E96FDC /* Debug */,
				68B5DCD32D5C740C00E96FDC /* Release */,
			);
			defaultConfigurationIsVisible = 0;
			defaultConfigurationName = Release;
		};
/* End XCConfigurationList section */
	};
	rootObject = 68B5DC982D5C740B00E96FDC /* Project object */;
}
